
Microsoft Visual Studio Solution File, Format Version 12.00
# Visual Studio Version 17
VisualStudioVersion = 17.7.34221.43
MinimumVisualStudioVersion = 10.0.40219.1
Project("{FAE04EC0-301F-11D3-BF4B-00C04F79EFBC}") = "TestApplication", "TestApplication\TestApplication.csproj", "{1BA5CCF0-8A1A-4ED5-BFAC-3D309DF9067C}"
EndProject
Global
	GlobalSection(SolutionConfigurationPlatforms) = preSolution
		Debug|Any CPU = Debug|Any CPU
		Release|Any CPU = Release|Any CPU
	EndGlobalSection
	GlobalSection(ProjectConfigurationPlatforms) = postSolution
		{1BA5CCF0-8A1A-4ED5-BFAC-3D309DF9067C}.Debug|Any CPU.ActiveCfg = Debug|Any CPU
		{1BA5CCF0-8A1A-4ED5-BFAC-3D309DF9067C}.Debug|Any CPU.Build.0 = Debug|Any CPU
		{1BA5CCF0-8A1A-4ED5-BFAC-3D309DF9067C}.Release|Any CPU.ActiveCfg = Release|Any CPU
		{1BA5CCF0-8A1A-4ED5-BFAC-3D309DF9067C}.Release|Any CPU.Build.0 = Release|Any CPU
	EndGlobalSection
	GlobalSection(SolutionProperties) = preSolution
		HideSolutionNode = FALSE
	EndGlobalSection
	GlobalSection(ExtensibilityGlobals) = postSolution
		SolutionGuid = {F610CF83-86BE-4318-9FCB-7FB5192CC216}
	EndGlobalSection
EndGlobal
